// !$*UTF8*$!
{
	archiveVersion = 1;
	classes = {
	};
	objectVersion = 50;
	objects = {

/* Begin PBXBuildFile section */
		A16C20D72450805E00A99424 /* AppDelegate.swift in Sources */ = {isa = PBXBuildFile; fileRef = A16C20D62450805E00A99424 /* AppDelegate.swift */; };
		A16C20D92450805E00A99424 /* SceneDelegate.swift in Sources */ = {isa = PBXBuildFile; fileRef = A16C20D82450805E00A99424 /* SceneDelegate.swift */; };
		A16C20DB2450805E00A99424 /* ViewController.swift in Sources */ = {isa = PBXBuildFile; fileRef = A16C20DA2450805E00A99424 /* ViewController.swift */; };
		A16C20DE2450805E00A99424 /* Main.storyboard in Resources */ = {isa = PBXBuildFile; fileRef = A16C20DC2450805E00A99424 /* Main.storyboard */; };
		A16C20E02450806100A99424 /* Assets.xcassets in Resources */ = {isa = PBXBuildFile; fileRef = A16C20DF2450806100A99424 /* Assets.xcassets */; };
		A16C20E32450806100A99424 /* LaunchScreen.storyboard in Resources */ = {isa = PBXBuildFile; fileRef = A16C20E12450806100A99424 /* LaunchScreen.storyboard */; };
		A16C20EE2450806100A99424 /* CacheManagerTests.swift in Sources */ = {isa = PBXBuildFile; fileRef = A16C20ED2450806100A99424 /* CacheManagerTests.swift */; };
		A16C20F92450806200A99424 /* CacheManagerUITests.swift in Sources */ = {isa = PBXBuildFile; fileRef = A16C20F82450806200A99424 /* CacheManagerUITests.swift */; };
		A16C21092450809C00A99424 /* VolatileCacheable.swift in Sources */ = {isa = PBXBuildFile; fileRef = A16C21082450809C00A99424 /* VolatileCacheable.swift */; };
		A16C210B245080A500A99424 /* PersistentCacheable.swift in Sources */ = {isa = PBXBuildFile; fileRef = A16C210A245080A500A99424 /* PersistentCacheable.swift */; };
		A16C210D245080C000A99424 /* Cache.swift in Sources */ = {isa = PBXBuildFile; fileRef = A16C210C245080C000A99424 /* Cache.swift */; };
		A16C211C2450831B00A99424 /* CacheManager.framework in Frameworks */ = {isa = PBXBuildFile; fileRef = A16C21132450831A00A99424 /* CacheManager.framework */; };
		A16C21232450831B00A99424 /* CacheManagerTests.swift in Sources */ = {isa = PBXBuildFile; fileRef = A16C21222450831B00A99424 /* CacheManagerTests.swift */; };
		A16C21252450831B00A99424 /* CacheManager.h in Headers */ = {isa = PBXBuildFile; fileRef = A16C21152450831A00A99424 /* CacheManager.h */; settings = {ATTRIBUTES = (Public, ); }; };
		A16C21282450831B00A99424 /* CacheManager.framework in Frameworks */ = {isa = PBXBuildFile; fileRef = A16C21132450831A00A99424 /* CacheManager.framework */; };
		A16C21292450831B00A99424 /* CacheManager.framework in Embed Frameworks */ = {isa = PBXBuildFile; fileRef = A16C21132450831A00A99424 /* CacheManager.framework */; settings = {ATTRIBUTES = (CodeSignOnCopy, RemoveHeadersOnCopy, ); }; };
/* End PBXBuildFile section */

/* Begin PBXContainerItemProxy section */
		A16C20EA2450806100A99424 /* PBXContainerItemProxy */ = {
			isa = PBXContainerItemProxy;
			containerPortal = A16C20CB2450805E00A99424 /* Project object */;
			proxyType = 1;
			remoteGlobalIDString = A16C20D22450805E00A99424;
			remoteInfo = CacheManager;
		};
		A16C20F52450806200A99424 /* PBXContainerItemProxy */ = {
			isa = PBXContainerItemProxy;
			containerPortal = A16C20CB2450805E00A99424 /* Project object */;
			proxyType = 1;
			remoteGlobalIDString = A16C20D22450805E00A99424;
			remoteInfo = CacheManager;
		};
		A16C211D2450831B00A99424 /* PBXContainerItemProxy */ = {
			isa = PBXContainerItemProxy;
			containerPortal = A16C20CB2450805E00A99424 /* Project object */;
			proxyType = 1;
			remoteGlobalIDString = A16C21122450831A00A99424;
			remoteInfo = CacheManager;
		};
		A16C211F2450831B00A99424 /* PBXContainerItemProxy */ = {
			isa = PBXContainerItemProxy;
			containerPortal = A16C20CB2450805E00A99424 /* Project object */;
			proxyType = 1;
			remoteGlobalIDString = A16C20D22450805E00A99424;
			remoteInfo = CacheManagerApp;
		};
		A16C21262450831B00A99424 /* PBXContainerItemProxy */ = {
			isa = PBXContainerItemProxy;
			containerPortal = A16C20CB2450805E00A99424 /* Project object */;
			proxyType = 1;
			remoteGlobalIDString = A16C21122450831A00A99424;
			remoteInfo = CacheManager;
		};
/* End PBXContainerItemProxy section */

/* Begin PBXCopyFilesBuildPhase section */
		A16C212D2450831B00A99424 /* Embed Frameworks */ = {
			isa = PBXCopyFilesBuildPhase;
			buildActionMask = 2147483647;
			dstPath = "";
			dstSubfolderSpec = 10;
			files = (
				A16C21292450831B00A99424 /* CacheManager.framework in Embed Frameworks */,
			);
			name = "Embed Frameworks";
			runOnlyForDeploymentPostprocessing = 0;
		};
/* End PBXCopyFilesBuildPhase section */

/* Begin PBXFileReference section */
		A16C20D32450805E00A99424 /* CacheManagerAppApp.app */ = {isa = PBXFileReference; explicitFileType = wrapper.application; includeInIndex = 0; path = CacheManagerAppApp.app; sourceTree = BUILT_PRODUCTS_DIR; };
		A16C20D62450805E00A99424 /* AppDelegate.swift */ = {isa = PBXFileReference; lastKnownFileType = sourcecode.swift; path = AppDelegate.swift; sourceTree = "<group>"; };
		A16C20D82450805E00A99424 /* SceneDelegate.swift */ = {isa = PBXFileReference; lastKnownFileType = sourcecode.swift; path = SceneDelegate.swift; sourceTree = "<group>"; };
		A16C20DA2450805E00A99424 /* ViewController.swift */ = {isa = PBXFileReference; lastKnownFileType = sourcecode.swift; path = ViewController.swift; sourceTree = "<group>"; };
		A16C20DD2450805E00A99424 /* Base */ = {isa = PBXFileReference; lastKnownFileType = file.storyboard; name = Base; path = Base.lproj/Main.storyboard; sourceTree = "<group>"; };
		A16C20DF2450806100A99424 /* Assets.xcassets */ = {isa = PBXFileReference; lastKnownFileType = folder.assetcatalog; path = Assets.xcassets; sourceTree = "<group>"; };
		A16C20E22450806100A99424 /* Base */ = {isa = PBXFileReference; lastKnownFileType = file.storyboard; name = Base; path = Base.lproj/LaunchScreen.storyboard; sourceTree = "<group>"; };
		A16C20E42450806100A99424 /* Info.plist */ = {isa = PBXFileReference; lastKnownFileType = text.plist.xml; path = Info.plist; sourceTree = "<group>"; };
		A16C20E92450806100A99424 /* CacheManagerAppTests.xctest */ = {isa = PBXFileReference; explicitFileType = wrapper.cfbundle; includeInIndex = 0; path = CacheManagerAppTests.xctest; sourceTree = BUILT_PRODUCTS_DIR; };
		A16C20ED2450806100A99424 /* CacheManagerTests.swift */ = {isa = PBXFileReference; lastKnownFileType = sourcecode.swift; path = CacheManagerTests.swift; sourceTree = "<group>"; };
		A16C20EF2450806100A99424 /* Info.plist */ = {isa = PBXFileReference; lastKnownFileType = text.plist.xml; path = Info.plist; sourceTree = "<group>"; };
		A16C20F42450806200A99424 /* CacheManagerAppUITests.xctest */ = {isa = PBXFileReference; explicitFileType = wrapper.cfbundle; includeInIndex = 0; path = CacheManagerAppUITests.xctest; sourceTree = BUILT_PRODUCTS_DIR; };
		A16C20F82450806200A99424 /* CacheManagerUITests.swift */ = {isa = PBXFileReference; lastKnownFileType = sourcecode.swift; path = CacheManagerUITests.swift; sourceTree = "<group>"; };
		A16C20FA2450806200A99424 /* Info.plist */ = {isa = PBXFileReference; lastKnownFileType = text.plist.xml; path = Info.plist; sourceTree = "<group>"; };
		A16C21082450809C00A99424 /* VolatileCacheable.swift */ = {isa = PBXFileReference; fileEncoding = 4; lastKnownFileType = sourcecode.swift; path = VolatileCacheable.swift; sourceTree = "<group>"; };
		A16C210A245080A500A99424 /* PersistentCacheable.swift */ = {isa = PBXFileReference; fileEncoding = 4; lastKnownFileType = sourcecode.swift; path = PersistentCacheable.swift; sourceTree = "<group>"; };
		A16C210C245080C000A99424 /* Cache.swift */ = {isa = PBXFileReference; fileEncoding = 4; lastKnownFileType = sourcecode.swift; path = Cache.swift; sourceTree = "<group>"; };
		A16C21132450831A00A99424 /* CacheManager.framework */ = {isa = PBXFileReference; explicitFileType = wrapper.framework; includeInIndex = 0; path = CacheManager.framework; sourceTree = BUILT_PRODUCTS_DIR; };
		A16C21152450831A00A99424 /* CacheManager.h */ = {isa = PBXFileReference; lastKnownFileType = sourcecode.c.h; path = CacheManager.h; sourceTree = "<group>"; };
		A16C21162450831A00A99424 /* Info.plist */ = {isa = PBXFileReference; lastKnownFileType = text.plist.xml; path = Info.plist; sourceTree = "<group>"; };
		A16C211B2450831B00A99424 /* CacheManagerTests.xctest */ = {isa = PBXFileReference; explicitFileType = wrapper.cfbundle; includeInIndex = 0; path = CacheManagerTests.xctest; sourceTree = BUILT_PRODUCTS_DIR; };
		A16C21222450831B00A99424 /* CacheManagerTests.swift */ = {isa = PBXFileReference; lastKnownFileType = sourcecode.swift; path = CacheManagerTests.swift; sourceTree = "<group>"; };
		A16C21242450831B00A99424 /* Info.plist */ = {isa = PBXFileReference; lastKnownFileType = text.plist.xml; path = Info.plist; sourceTree = "<group>"; };
/* End PBXFileReference section */

/* Begin PBXFrameworksBuildPhase section */
		A16C20D02450805E00A99424 /* Frameworks */ = {
			isa = PBXFrameworksBuildPhase;
			buildActionMask = 2147483647;
			files = (
				A16C21282450831B00A99424 /* CacheManager.framework in Frameworks */,
			);
			runOnlyForDeploymentPostprocessing = 0;
		};
		A16C20E62450806100A99424 /* Frameworks */ = {
			isa = PBXFrameworksBuildPhase;
			buildActionMask = 2147483647;
			files = (
			);
			runOnlyForDeploymentPostprocessing = 0;
		};
		A16C20F12450806200A99424 /* Frameworks */ = {
			isa = PBXFrameworksBuildPhase;
			buildActionMask = 2147483647;
			files = (
			);
			runOnlyForDeploymentPostprocessing = 0;
		};
		A16C21102450831A00A99424 /* Frameworks */ = {
			isa = PBXFrameworksBuildPhase;
			buildActionMask = 2147483647;
			files = (
			);
			runOnlyForDeploymentPostprocessing = 0;
		};
		A16C21182450831B00A99424 /* Frameworks */ = {
			isa = PBXFrameworksBuildPhase;
			buildActionMask = 2147483647;
			files = (
				A16C211C2450831B00A99424 /* CacheManager.framework in Frameworks */,
			);
			runOnlyForDeploymentPostprocessing = 0;
		};
/* End PBXFrameworksBuildPhase section */

/* Begin PBXGroup section */
		A16C20CA2450805E00A99424 = {
			isa = PBXGroup;
			children = (
				A16C20D52450805E00A99424 /* CacheManager */,
				A16C20EC2450806100A99424 /* CacheManagerTests */,
				A16C20F72450806200A99424 /* CacheManagerUITests */,
				A16C21142450831A00A99424 /* CacheManager */,
				A16C21212450831B00A99424 /* CacheManagerTests */,
				A16C20D42450805E00A99424 /* Products */,
			);
			sourceTree = "<group>";
		};
		A16C20D42450805E00A99424 /* Products */ = {
			isa = PBXGroup;
			children = (
				A16C20D32450805E00A99424 /* CacheManagerAppApp.app */,
				A16C20E92450806100A99424 /* CacheManagerAppTests.xctest */,
				A16C20F42450806200A99424 /* CacheManagerAppUITests.xctest */,
				A16C21132450831A00A99424 /* CacheManager.framework */,
				A16C211B2450831B00A99424 /* CacheManagerTests.xctest */,
			);
			name = Products;
			sourceTree = "<group>";
		};
		A16C20D52450805E00A99424 /* CacheManager */ = {
			isa = PBXGroup;
			children = (
				A16C21062450807500A99424 /* Workers */,
				A16C20D62450805E00A99424 /* AppDelegate.swift */,
				A16C20D82450805E00A99424 /* SceneDelegate.swift */,
				A16C20DA2450805E00A99424 /* ViewController.swift */,
				A16C20DC2450805E00A99424 /* Main.storyboard */,
				A16C20DF2450806100A99424 /* Assets.xcassets */,
				A16C20E12450806100A99424 /* LaunchScreen.storyboard */,
				A16C20E42450806100A99424 /* Info.plist */,
			);
			path = CacheManager;
			sourceTree = "<group>";
		};
		A16C20EC2450806100A99424 /* CacheManagerTests */ = {
			isa = PBXGroup;
			children = (
				A16C20ED2450806100A99424 /* CacheManagerTests.swift */,
				A16C20EF2450806100A99424 /* Info.plist */,
			);
			path = CacheManagerTests;
			sourceTree = "<group>";
		};
		A16C20F72450806200A99424 /* CacheManagerUITests */ = {
			isa = PBXGroup;
			children = (
				A16C20F82450806200A99424 /* CacheManagerUITests.swift */,
				A16C20FA2450806200A99424 /* Info.plist */,
			);
			path = CacheManagerUITests;
			sourceTree = "<group>";
		};
		A16C21062450807500A99424 /* Workers */ = {
			isa = PBXGroup;
			children = (
				A16C21072450807D00A99424 /* Cache */,
			);
			path = Workers;
			sourceTree = "<group>";
		};
		A16C21072450807D00A99424 /* Cache */ = {
			isa = PBXGroup;
			children = (
				A16C210C245080C000A99424 /* Cache.swift */,
				A16C210A245080A500A99424 /* PersistentCacheable.swift */,
				A16C21082450809C00A99424 /* VolatileCacheable.swift */,
			);
			path = Cache;
			sourceTree = "<group>";
		};
		A16C21142450831A00A99424 /* CacheManager */ = {
			isa = PBXGroup;
			children = (
				A16C21152450831A00A99424 /* CacheManager.h */,
				A16C21162450831A00A99424 /* Info.plist */,
			);
			path = CacheManager;
			sourceTree = "<group>";
		};
		A16C21212450831B00A99424 /* CacheManagerTests */ = {
			isa = PBXGroup;
			children = (
				A16C21222450831B00A99424 /* CacheManagerTests.swift */,
				A16C21242450831B00A99424 /* Info.plist */,
			);
			path = CacheManagerTests;
			sourceTree = "<group>";
		};
/* End PBXGroup section */

/* Begin PBXHeadersBuildPhase section */
		A16C210E2450831A00A99424 /* Headers */ = {
			isa = PBXHeadersBuildPhase;
			buildActionMask = 2147483647;
			files = (
				A16C21252450831B00A99424 /* CacheManager.h in Headers */,
			);
			runOnlyForDeploymentPostprocessing = 0;
		};
/* End PBXHeadersBuildPhase section */

/* Begin PBXNativeTarget section */
		A16C20D22450805E00A99424 /* CacheManagerApp */ = {
			isa = PBXNativeTarget;
			buildConfigurationList = A16C20FD2450806200A99424 /* Build configuration list for PBXNativeTarget "CacheManagerApp" */;
			buildPhases = (
				A16C20CF2450805E00A99424 /* Sources */,
				A16C20D02450805E00A99424 /* Frameworks */,
				A16C20D12450805E00A99424 /* Resources */,
				A16C212D2450831B00A99424 /* Embed Frameworks */,
			);
			buildRules = (
			);
			dependencies = (
				A16C21272450831B00A99424 /* PBXTargetDependency */,
			);
			name = CacheManagerApp;
			productName = CacheManager;
			productReference = A16C20D32450805E00A99424 /* CacheManagerAppApp.app */;
			productType = "com.apple.product-type.application";
		};
		A16C20E82450806100A99424 /* CacheManagerAppTests */ = {
			isa = PBXNativeTarget;
			buildConfigurationList = A16C21002450806200A99424 /* Build configuration list for PBXNativeTarget "CacheManagerAppTests" */;
			buildPhases = (
				A16C20E52450806100A99424 /* Sources */,
				A16C20E62450806100A99424 /* Frameworks */,
				A16C20E72450806100A99424 /* Resources */,
			);
			buildRules = (
			);
			dependencies = (
				A16C20EB2450806100A99424 /* PBXTargetDependency */,
			);
			name = CacheManagerAppTests;
			productName = CacheManagerTests;
			productReference = A16C20E92450806100A99424 /* CacheManagerAppTests.xctest */;
			productType = "com.apple.product-type.bundle.unit-test";
		};
		A16C20F32450806200A99424 /* CacheManagerAppUITests */ = {
			isa = PBXNativeTarget;
			buildConfigurationList = A16C21032450806200A99424 /* Build configuration list for PBXNativeTarget "CacheManagerAppUITests" */;
			buildPhases = (
				A16C20F02450806200A99424 /* Sources */,
				A16C20F12450806200A99424 /* Frameworks */,
				A16C20F22450806200A99424 /* Resources */,
			);
			buildRules = (
			);
			dependencies = (
				A16C20F62450806200A99424 /* PBXTargetDependency */,
			);
			name = CacheManagerAppUITests;
			productName = CacheManagerUITests;
			productReference = A16C20F42450806200A99424 /* CacheManagerAppUITests.xctest */;
			productType = "com.apple.product-type.bundle.ui-testing";
		};
		A16C21122450831A00A99424 /* CacheManager */ = {
			isa = PBXNativeTarget;
			buildConfigurationList = A16C212A2450831B00A99424 /* Build configuration list for PBXNativeTarget "CacheManager" */;
			buildPhases = (
				A16C210E2450831A00A99424 /* Headers */,
				A16C210F2450831A00A99424 /* Sources */,
				A16C21102450831A00A99424 /* Frameworks */,
				A16C21112450831A00A99424 /* Resources */,
			);
			buildRules = (
			);
			dependencies = (
			);
			name = CacheManager;
			productName = CacheManager;
			productReference = A16C21132450831A00A99424 /* CacheManager.framework */;
			productType = "com.apple.product-type.framework";
		};
		A16C211A2450831B00A99424 /* CacheManagerTests */ = {
			isa = PBXNativeTarget;
			buildConfigurationList = A16C212E2450831B00A99424 /* Build configuration list for PBXNativeTarget "CacheManagerTests" */;
			buildPhases = (
				A16C21172450831B00A99424 /* Sources */,
				A16C21182450831B00A99424 /* Frameworks */,
				A16C21192450831B00A99424 /* Resources */,
			);
			buildRules = (
			);
			dependencies = (
				A16C211E2450831B00A99424 /* PBXTargetDependency */,
				A16C21202450831B00A99424 /* PBXTargetDependency */,
			);
			name = CacheManagerTests;
			productName = CacheManagerTests;
			productReference = A16C211B2450831B00A99424 /* CacheManagerTests.xctest */;
			productType = "com.apple.product-type.bundle.unit-test";
		};
/* End PBXNativeTarget section */

/* Begin PBXProject section */
		A16C20CB2450805E00A99424 /* Project object */ = {
			isa = PBXProject;
			attributes = {
				LastSwiftUpdateCheck = 1140;
				LastUpgradeCheck = 1140;
				ORGANIZATIONNAME = "Boris Sortino";
				TargetAttributes = {
					A16C20D22450805E00A99424 = {
						CreatedOnToolsVersion = 11.4;
					};
					A16C20E82450806100A99424 = {
						CreatedOnToolsVersion = 11.4;
						TestTargetID = A16C20D22450805E00A99424;
					};
					A16C20F32450806200A99424 = {
						CreatedOnToolsVersion = 11.4;
						TestTargetID = A16C20D22450805E00A99424;
					};
					A16C21122450831A00A99424 = {
						CreatedOnToolsVersion = 11.4;
					};
					A16C211A2450831B00A99424 = {
						CreatedOnToolsVersion = 11.4;
						TestTargetID = A16C20D22450805E00A99424;
					};
				};
			};
			buildConfigurationList = A16C20CE2450805E00A99424 /* Build configuration list for PBXProject "CacheManagerApp" */;
			compatibilityVersion = "Xcode 9.3";
			developmentRegion = en;
			hasScannedForEncodings = 0;
			knownRegions = (
				en,
				Base,
			);
			mainGroup = A16C20CA2450805E00A99424;
			productRefGroup = A16C20D42450805E00A99424 /* Products */;
			projectDirPath = "";
			projectRoot = "";
			targets = (
				A16C20D22450805E00A99424 /* CacheManagerApp */,
				A16C20E82450806100A99424 /* CacheManagerAppTests */,
				A16C20F32450806200A99424 /* CacheManagerAppUITests */,
				A16C21122450831A00A99424 /* CacheManager */,
				A16C211A2450831B00A99424 /* CacheManagerTests */,
			);
		};
/* End PBXProject section */

/* Begin PBXResourcesBuildPhase section */
		A16C20D12450805E00A99424 /* Resources */ = {
			isa = PBXResourcesBuildPhase;
			buildActionMask = 2147483647;
			files = (
				A16C20E32450806100A99424 /* LaunchScreen.storyboard in Resources */,
				A16C20E02450806100A99424 /* Assets.xcassets in Resources */,
				A16C20DE2450805E00A99424 /* Main.storyboard in Resources */,
			);
			runOnlyForDeploymentPostprocessing = 0;
		};
		A16C20E72450806100A99424 /* Resources */ = {
			isa = PBXResourcesBuildPhase;
			buildActionMask = 2147483647;
			files = (
			);
			runOnlyForDeploymentPostprocessing = 0;
		};
		A16C20F22450806200A99424 /* Resources */ = {
			isa = PBXResourcesBuildPhase;
			buildActionMask = 2147483647;
			files = (
			);
			runOnlyForDeploymentPostprocessing = 0;
		};
		A16C21112450831A00A99424 /* Resources */ = {
			isa = PBXResourcesBuildPhase;
			buildActionMask = 2147483647;
			files = (
			);
			runOnlyForDeploymentPostprocessing = 0;
		};
		A16C21192450831B00A99424 /* Resources */ = {
			isa = PBXResourcesBuildPhase;
			buildActionMask = 2147483647;
			files = (
			);
			runOnlyForDeploymentPostprocessing = 0;
		};
/* End PBXResourcesBuildPhase section */

/* Begin PBXSourcesBuildPhase section */
		A16C20CF2450805E00A99424 /* Sources */ = {
			isa = PBXSourcesBuildPhase;
			buildActionMask = 2147483647;
			files = (
				A16C210B245080A500A99424 /* PersistentCacheable.swift in Sources */,
				A16C20DB2450805E00A99424 /* ViewController.swift in Sources */,
				A16C20D72450805E00A99424 /* AppDelegate.swift in Sources */,
				A16C21092450809C00A99424 /* VolatileCacheable.swift in Sources */,
				A16C210D245080C000A99424 /* Cache.swift in Sources */,
				A16C20D92450805E00A99424 /* SceneDelegate.swift in Sources */,
			);
			runOnlyForDeploymentPostprocessing = 0;
		};
		A16C20E52450806100A99424 /* Sources */ = {
			isa = PBXSourcesBuildPhase;
			buildActionMask = 2147483647;
			files = (
				A16C20EE2450806100A99424 /* CacheManagerTests.swift in Sources */,
			);
			runOnlyForDeploymentPostprocessing = 0;
		};
		A16C20F02450806200A99424 /* Sources */ = {
			isa = PBXSourcesBuildPhase;
			buildActionMask = 2147483647;
			files = (
				A16C20F92450806200A99424 /* CacheManagerUITests.swift in Sources */,
			);
			runOnlyForDeploymentPostprocessing = 0;
		};
		A16C210F2450831A00A99424 /* Sources */ = {
			isa = PBXSourcesBuildPhase;
			buildActionMask = 2147483647;
			files = (
			);
			runOnlyForDeploymentPostprocessing = 0;
		};
		A16C21172450831B00A99424 /* Sources */ = {
			isa = PBXSourcesBuildPhase;
			buildActionMask = 2147483647;
			files = (
				A16C21232450831B00A99424 /* CacheManagerTests.swift in Sources */,
			);
			runOnlyForDeploymentPostprocessing = 0;
		};
/* End PBXSourcesBuildPhase section */

/* Begin PBXTargetDependency section */
		A16C20EB2450806100A99424 /* PBXTargetDependency */ = {
			isa = PBXTargetDependency;
			target = A16C20D22450805E00A99424 /* CacheManagerApp */;
			targetProxy = A16C20EA2450806100A99424 /* PBXContainerItemProxy */;
		};
		A16C20F62450806200A99424 /* PBXTargetDependency */ = {
			isa = PBXTargetDependency;
			target = A16C20D22450805E00A99424 /* CacheManagerApp */;
			targetProxy = A16C20F52450806200A99424 /* PBXContainerItemProxy */;
		};
		A16C211E2450831B00A99424 /* PBXTargetDependency */ = {
			isa = PBXTargetDependency;
			target = A16C21122450831A00A99424 /* CacheManager */;
			targetProxy = A16C211D2450831B00A99424 /* PBXContainerItemProxy */;
		};
		A16C21202450831B00A99424 /* PBXTargetDependency */ = {
			isa = PBXTargetDependency;
			target = A16C20D22450805E00A99424 /* CacheManagerApp */;
			targetProxy = A16C211F2450831B00A99424 /* PBXContainerItemProxy */;
		};
		A16C21272450831B00A99424 /* PBXTargetDependency */ = {
			isa = PBXTargetDependency;
			target = A16C21122450831A00A99424 /* CacheManager */;
			targetProxy = A16C21262450831B00A99424 /* PBXContainerItemProxy */;
		};
/* End PBXTargetDependency section */

/* Begin PBXVariantGroup section */
		A16C20DC2450805E00A99424 /* Main.storyboard */ = {
			isa = PBXVariantGroup;
			children = (
				A16C20DD2450805E00A99424 /* Base */,
			);
			name = Main.storyboard;
			sourceTree = "<group>";
		};
		A16C20E12450806100A99424 /* LaunchScreen.storyboard */ = {
			isa = PBXVariantGroup;
			children = (
				A16C20E22450806100A99424 /* Base */,
			);
			name = LaunchScreen.storyboard;
			sourceTree = "<group>";
		};
/* End PBXVariantGroup section */

/* Begin XCBuildConfiguration section */
		A16C20FB2450806200A99424 /* Debug */ = {
			isa = XCBuildConfiguration;
			buildSettings = {
				ALWAYS_SEARCH_USER_PATHS = NO;
				CLANG_ANALYZER_NONNULL = YES;
				CLANG_ANALYZER_NUMBER_OBJECT_CONVERSION = YES_AGGRESSIVE;
				CLANG_CXX_LANGUAGE_STANDARD = "gnu++14";
				CLANG_CXX_LIBRARY = "libc++";
				CLANG_ENABLE_MODULES = YES;
				CLANG_ENABLE_OBJC_ARC = YES;
				CLANG_ENABLE_OBJC_WEAK = YES;
				CLANG_WARN_BLOCK_CAPTURE_AUTORELEASING = YES;
				CLANG_WARN_BOOL_CONVERSION = YES;
				CLANG_WARN_COMMA = YES;
				CLANG_WARN_CONSTANT_CONVERSION = YES;
				CLANG_WARN_DEPRECATED_OBJC_IMPLEMENTATIONS = YES;
				CLANG_WARN_DIRECT_OBJC_ISA_USAGE = YES_ERROR;
				CLANG_WARN_DOCUMENTATION_COMMENTS = YES;
				CLANG_WARN_EMPTY_BODY = YES;
				CLANG_WARN_ENUM_CONVERSION = YES;
				CLANG_WARN_INFINITE_RECURSION = YES;
				CLANG_WARN_INT_CONVERSION = YES;
				CLANG_WARN_NON_LITERAL_NULL_CONVERSION = YES;
				CLANG_WARN_OBJC_IMPLICIT_RETAIN_SELF = YES;
				CLANG_WARN_OBJC_LITERAL_CONVERSION = YES;
				CLANG_WARN_OBJC_ROOT_CLASS = YES_ERROR;
				CLANG_WARN_RANGE_LOOP_ANALYSIS = YES;
				CLANG_WARN_STRICT_PROTOTYPES = YES;
				CLANG_WARN_SUSPICIOUS_MOVE = YES;
				CLANG_WARN_UNGUARDED_AVAILABILITY = YES_AGGRESSIVE;
				CLANG_WARN_UNREACHABLE_CODE = YES;
				CLANG_WARN__DUPLICATE_METHOD_MATCH = YES;
				COPY_PHASE_STRIP = NO;
				DEBUG_INFORMATION_FORMAT = dwarf;
				ENABLE_STRICT_OBJC_MSGSEND = YES;
				ENABLE_TESTABILITY = YES;
				GCC_C_LANGUAGE_STANDARD = gnu11;
				GCC_DYNAMIC_NO_PIC = NO;
				GCC_NO_COMMON_BLOCKS = YES;
				GCC_OPTIMIZATION_LEVEL = 0;
				GCC_PREPROCESSOR_DEFINITIONS = (
					"DEBUG=1",
					"$(inherited)",
				);
				GCC_WARN_64_TO_32_BIT_CONVERSION = YES;
				GCC_WARN_ABOUT_RETURN_TYPE = YES_ERROR;
				GCC_WARN_UNDECLARED_SELECTOR = YES;
				GCC_WARN_UNINITIALIZED_AUTOS = YES_AGGRESSIVE;
				GCC_WARN_UNUSED_FUNCTION = YES;
				GCC_WARN_UNUSED_VARIABLE = YES;
				IPHONEOS_DEPLOYMENT_TARGET = 13.4;
				MTL_ENABLE_DEBUG_INFO = INCLUDE_SOURCE;
				MTL_FAST_MATH = YES;
				ONLY_ACTIVE_ARCH = YES;
				SDKROOT = iphoneos;
				SWIFT_ACTIVE_COMPILATION_CONDITIONS = DEBUG;
				SWIFT_OPTIMIZATION_LEVEL = "-Onone";
			};
			name = Debug;
		};
		A16C20FC2450806200A99424 /* Release */ = {
			isa = XCBuildConfiguration;
			buildSettings = {
				ALWAYS_SEARCH_USER_PATHS = NO;
				CLANG_ANALYZER_NONNULL = YES;
				CLANG_ANALYZER_NUMBER_OBJECT_CONVERSION = YES_AGGRESSIVE;
				CLANG_CXX_LANGUAGE_STANDARD = "gnu++14";
				CLANG_CXX_LIBRARY = "libc++";
				CLANG_ENABLE_MODULES = YES;
				CLANG_ENABLE_OBJC_ARC = YES;
				CLANG_ENABLE_OBJC_WEAK = YES;
				CLANG_WARN_BLOCK_CAPTURE_AUTORELEASING = YES;
				CLANG_WARN_BOOL_CONVERSION = YES;
				CLANG_WARN_COMMA = YES;
				CLANG_WARN_CONSTANT_CONVERSION = YES;
				CLANG_WARN_DEPRECATED_OBJC_IMPLEMENTATIONS = YES;
				CLANG_WARN_DIRECT_OBJC_ISA_USAGE = YES_ERROR;
				CLANG_WARN_DOCUMENTATION_COMMENTS = YES;
				CLANG_WARN_EMPTY_BODY = YES;
				CLANG_WARN_ENUM_CONVERSION = YES;
				CLANG_WARN_INFINITE_RECURSION = YES;
				CLANG_WARN_INT_CONVERSION = YES;
				CLANG_WARN_NON_LITERAL_NULL_CONVERSION = YES;
				CLANG_WARN_OBJC_IMPLICIT_RETAIN_SELF = YES;
				CLANG_WARN_OBJC_LITERAL_CONVERSION = YES;
				CLANG_WARN_OBJC_ROOT_CLASS = YES_ERROR;
				CLANG_WARN_RANGE_LOOP_ANALYSIS = YES;
				CLANG_WARN_STRICT_PROTOTYPES = YES;
				CLANG_WARN_SUSPICIOUS_MOVE = YES;
				CLANG_WARN_UNGUARDED_AVAILABILITY = YES_AGGRESSIVE;
				CLANG_WARN_UNREACHABLE_CODE = YES;
				CLANG_WARN__DUPLICATE_METHOD_MATCH = YES;
				COPY_PHASE_STRIP = NO;
				DEBUG_INFORMATION_FORMAT = "dwarf-with-dsym";
				ENABLE_NS_ASSERTIONS = NO;
				ENABLE_STRICT_OBJC_MSGSEND = YES;
				GCC_C_LANGUAGE_STANDARD = gnu11;
				GCC_NO_COMMON_BLOCKS = YES;
				GCC_WARN_64_TO_32_BIT_CONVERSION = YES;
				GCC_WARN_ABOUT_RETURN_TYPE = YES_ERROR;
				GCC_WARN_UNDECLARED_SELECTOR = YES;
				GCC_WARN_UNINITIALIZED_AUTOS = YES_AGGRESSIVE;
				GCC_WARN_UNUSED_FUNCTION = YES;
				GCC_WARN_UNUSED_VARIABLE = YES;
				IPHONEOS_DEPLOYMENT_TARGET = 13.4;
				MTL_ENABLE_DEBUG_INFO = NO;
				MTL_FAST_MATH = YES;
				SDKROOT = iphoneos;
				SWIFT_COMPILATION_MODE = wholemodule;
				SWIFT_OPTIMIZATION_LEVEL = "-O";
				VALIDATE_PRODUCT = YES;
			};
			name = Release;
		};
		A16C20FE2450806200A99424 /* Debug */ = {
			isa = XCBuildConfiguration;
			buildSettings = {
				ASSETCATALOG_COMPILER_APPICON_NAME = AppIcon;
				CODE_SIGN_STYLE = Automatic;
				DEVELOPMENT_TEAM = A2K8AKR8G9;
				INFOPLIST_FILE = CacheManager/Info.plist;
				LD_RUNPATH_SEARCH_PATHS = (
					"$(inherited)",
					"@executable_path/Frameworks",
				);
				PRODUCT_BUNDLE_IDENTIFIER = com.vigotskij.CacheManager;
				PRODUCT_NAME = CacheManagerAppApp;
				SWIFT_VERSION = 5.0;
				TARGETED_DEVICE_FAMILY = 1;
			};
			name = Debug;
		};
		A16C20FF2450806200A99424 /* Release */ = {
			isa = XCBuildConfiguration;
			buildSettings = {
				ASSETCATALOG_COMPILER_APPICON_NAME = AppIcon;
				CODE_SIGN_STYLE = Automatic;
				DEVELOPMENT_TEAM = A2K8AKR8G9;
				INFOPLIST_FILE = CacheManager/Info.plist;
				LD_RUNPATH_SEARCH_PATHS = (
					"$(inherited)",
					"@executable_path/Frameworks",
				);
				PRODUCT_BUNDLE_IDENTIFIER = com.vigotskij.CacheManager;
				PRODUCT_NAME = CacheManagerAppApp;
				SWIFT_VERSION = 5.0;
				TARGETED_DEVICE_FAMILY = 1;
			};
			name = Release;
		};
		A16C21012450806200A99424 /* Debug */ = {
			isa = XCBuildConfiguration;
			buildSettings = {
				ALWAYS_EMBED_SWIFT_STANDARD_LIBRARIES = YES;
				BUNDLE_LOADER = "$(TEST_HOST)";
				CODE_SIGN_STYLE = Automatic;
				DEVELOPMENT_TEAM = A2K8AKR8G9;
				INFOPLIST_FILE = CacheManagerTests/Info.plist;
				IPHONEOS_DEPLOYMENT_TARGET = 13.4;
				LD_RUNPATH_SEARCH_PATHS = (
					"$(inherited)",
					"@executable_path/Frameworks",
					"@loader_path/Frameworks",
				);
				PRODUCT_BUNDLE_IDENTIFIER = com.vigotskij.CacheManagerTests;
				PRODUCT_NAME = "$(TARGET_NAME)";
				SWIFT_VERSION = 5.0;
				TARGETED_DEVICE_FAMILY = "1,2";
				TEST_HOST = "$(BUILT_PRODUCTS_DIR)/CacheManagerApp.app/CacheManagerApp";
			};
			name = Debug;
		};
		A16C21022450806200A99424 /* Release */ = {
			isa = XCBuildConfiguration;
			buildSettings = {
				ALWAYS_EMBED_SWIFT_STANDARD_LIBRARIES = YES;
				BUNDLE_LOADER = "$(TEST_HOST)";
				CODE_SIGN_STYLE = Automatic;
				DEVELOPMENT_TEAM = A2K8AKR8G9;
				INFOPLIST_FILE = CacheManagerTests/Info.plist;
				IPHONEOS_DEPLOYMENT_TARGET = 13.4;
				LD_RUNPATH_SEARCH_PATHS = (
					"$(inherited)",
					"@executable_path/Frameworks",
					"@loader_path/Frameworks",
				);
				PRODUCT_BUNDLE_IDENTIFIER = com.vigotskij.CacheManagerTests;
				PRODUCT_NAME = "$(TARGET_NAME)";
				SWIFT_VERSION = 5.0;
				TARGETED_DEVICE_FAMILY = "1,2";
				TEST_HOST = "$(BUILT_PRODUCTS_DIR)/CacheManagerApp.app/CacheManagerApp";
			};
			name = Release;
		};
		A16C21042450806200A99424 /* Debug */ = {
			isa = XCBuildConfiguration;
			buildSettings = {
				ALWAYS_EMBED_SWIFT_STANDARD_LIBRARIES = YES;
				CODE_SIGN_STYLE = Automatic;
				DEVELOPMENT_TEAM = A2K8AKR8G9;
				INFOPLIST_FILE = CacheManagerUITests/Info.plist;
				LD_RUNPATH_SEARCH_PATHS = (
					"$(inherited)",
					"@executable_path/Frameworks",
					"@loader_path/Frameworks",
				);
				PRODUCT_BUNDLE_IDENTIFIER = com.vigotskij.CacheManagerUITests;
				PRODUCT_NAME = "$(TARGET_NAME)";
				SWIFT_VERSION = 5.0;
				TARGETED_DEVICE_FAMILY = "1,2";
				TEST_TARGET_NAME = CacheManager;
			};
			name = Debug;
		};
		A16C21052450806200A99424 /* Release */ = {
			isa = XCBuildConfiguration;
			buildSettings = {
				ALWAYS_EMBED_SWIFT_STANDARD_LIBRARIES = YES;
				CODE_SIGN_STYLE = Automatic;
				DEVELOPMENT_TEAM = A2K8AKR8G9;
				INFOPLIST_FILE = CacheManagerUITests/Info.plist;
				LD_RUNPATH_SEARCH_PATHS = (
					"$(inherited)",
					"@executable_path/Frameworks",
					"@loader_path/Frameworks",
				);
				PRODUCT_BUNDLE_IDENTIFIER = com.vigotskij.CacheManagerUITests;
				PRODUCT_NAME = "$(TARGET_NAME)";
				SWIFT_VERSION = 5.0;
				TARGETED_DEVICE_FAMILY = "1,2";
				TEST_TARGET_NAME = CacheManager;
			};
			name = Release;
		};
		A16C212B2450831B00A99424 /* Debug */ = {
			isa = XCBuildConfiguration;
			buildSettings = {
				CODE_SIGN_STYLE = Automatic;
				CURRENT_PROJECT_VERSION = 1;
				DEFINES_MODULE = YES;
				DEVELOPMENT_TEAM = A2K8AKR8G9;
				DYLIB_COMPATIBILITY_VERSION = 1;
				DYLIB_CURRENT_VERSION = 1;
				DYLIB_INSTALL_NAME_BASE = "@rpath";
				INFOPLIST_FILE = CacheManager/Info.plist;
				INSTALL_PATH = "$(LOCAL_LIBRARY_DIR)/Frameworks";
				LD_RUNPATH_SEARCH_PATHS = (
					"$(inherited)",
					"@executable_path/Frameworks",
					"@loader_path/Frameworks",
				);
				PRODUCT_BUNDLE_IDENTIFIER = com.vigotskij.CacheManager;
				PRODUCT_NAME = "$(TARGET_NAME:c99extidentifier)";
				SKIP_INSTALL = YES;
				SWIFT_VERSION = 5.0;
				TARGETED_DEVICE_FAMILY = "1,2";
				VERSIONING_SYSTEM = "apple-generic";
				VERSION_INFO_PREFIX = "";
			};
			name = Debug;
		};
		A16C212C2450831B00A99424 /* Release */ = {
			isa = XCBuildConfiguration;
			buildSettings = {
				CODE_SIGN_STYLE = Automatic;
				CURRENT_PROJECT_VERSION = 1;
				DEFINES_MODULE = YES;
				DEVELOPMENT_TEAM = A2K8AKR8G9;
				DYLIB_COMPATIBILITY_VERSION = 1;
				DYLIB_CURRENT_VERSION = 1;
				DYLIB_INSTALL_NAME_BASE = "@rpath";
				INFOPLIST_FILE = CacheManager/Info.plist;
				INSTALL_PATH = "$(LOCAL_LIBRARY_DIR)/Frameworks";
				LD_RUNPATH_SEARCH_PATHS = (
					"$(inherited)",
					"@executable_path/Frameworks",
					"@loader_path/Frameworks",
				);
				PRODUCT_BUNDLE_IDENTIFIER = com.vigotskij.CacheManager;
				PRODUCT_NAME = "$(TARGET_NAME:c99extidentifier)";
				SKIP_INSTALL = YES;
				SWIFT_VERSION = 5.0;
				TARGETED_DEVICE_FAMILY = "1,2";
				VERSIONING_SYSTEM = "apple-generic";
				VERSION_INFO_PREFIX = "";
			};
			name = Release;
		};
		A16C212F2450831B00A99424 /* Debug */ = {
			isa = XCBuildConfiguration;
			buildSettings = {
				ALWAYS_EMBED_SWIFT_STANDARD_LIBRARIES = YES;
				CODE_SIGN_STYLE = Automatic;
				DEVELOPMENT_TEAM = A2K8AKR8G9;
				INFOPLIST_FILE = CacheManagerTests/Info.plist;
				LD_RUNPATH_SEARCH_PATHS = (
					"$(inherited)",
					"@executable_path/Frameworks",
					"@loader_path/Frameworks",
				);
				PRODUCT_BUNDLE_IDENTIFIER = com.vigotskij.CacheManagerTests;
				PRODUCT_NAME = "$(TARGET_NAME)";
				SWIFT_VERSION = 5.0;
				TARGETED_DEVICE_FAMILY = "1,2";
				TEST_HOST = "$(BUILT_PRODUCTS_DIR)/CacheManagerAppApp.app/CacheManagerAppApp";
			};
			name = Debug;
		};
		A16C21302450831B00A99424 /* Release */ = {
			isa = XCBuildConfiguration;
			buildSettings = {
				ALWAYS_EMBED_SWIFT_STANDARD_LIBRARIES = YES;
				CODE_SIGN_STYLE = Automatic;
				DEVELOPMENT_TEAM = A2K8AKR8G9;
				INFOPLIST_FILE = CacheManagerTests/Info.plist;
				LD_RUNPATH_SEARCH_PATHS = (
					"$(inherited)",
					"@executable_path/Frameworks",
					"@loader_path/Frameworks",
				);
				PRODUCT_BUNDLE_IDENTIFIER = com.vigotskij.CacheManagerTests;
				PRODUCT_NAME = "$(TARGET_NAME)";
				SWIFT_VERSION = 5.0;
				TARGETED_DEVICE_FAMILY = "1,2";
				TEST_HOST = "$(BUILT_PRODUCTS_DIR)/CacheManagerAppApp.app/CacheManagerAppApp";
			};
			name = Release;
		};
/* End XCBuildConfiguration section */

/* Begin XCConfigurationList section */
		A16C20CE2450805E00A99424 /* Build configuration list for PBXProject "CacheManagerApp" */ = {
			isa = XCConfigurationList;
			buildConfigurations = (
				A16C20FB2450806200A99424 /* Debug */,
				A16C20FC2450806200A99424 /* Release */,
			);
			defaultConfigurationIsVisible = 0;
			defaultConfigurationName = Release;
		};
		A16C20FD2450806200A99424 /* Build configuration list for PBXNativeTarget "CacheManagerApp" */ = {
			isa = XCConfigurationList;
			buildConfigurations = (
				A16C20FE2450806200A99424 /* Debug */,
				A16C20FF2450806200A99424 /* Release */,
			);
			defaultConfigurationIsVisible = 0;
			defaultConfigurationName = Release;
		};
		A16C21002450806200A99424 /* Build configuration list for PBXNativeTarget "CacheManagerAppTests" */ = {
			isa = XCConfigurationList;
			buildConfigurations = (
				A16C21012450806200A99424 /* Debug */,
				A16C21022450806200A99424 /* Release */,
			);
			defaultConfigurationIsVisible = 0;
			defaultConfigurationName = Release;
		};
		A16C21032450806200A99424 /* Build configuration list for PBXNativeTarget "CacheManagerAppUITests" */ = {
			isa = XCConfigurationList;
			buildConfigurations = (
				A16C21042450806200A99424 /* Debug */,
				A16C21052450806200A99424 /* Release */,
			);
			defaultConfigurationIsVisible = 0;
			defaultConfigurationName = Release;
		};
		A16C212A2450831B00A99424 /* Build configuration list for PBXNativeTarget "CacheManager" */ = {
			isa = XCConfigurationList;
			buildConfigurations = (
				A16C212B2450831B00A99424 /* Debug */,
				A16C212C2450831B00A99424 /* Release */,
			);
			defaultConfigurationIsVisible = 0;
			defaultConfigurationName = Release;
		};
		A16C212E2450831B00A99424 /* Build configuration list for PBXNativeTarget "CacheManagerTests" */ = {
			isa = XCConfigurationList;
			buildConfigurations = (
				A16C212F2450831B00A99424 /* Debug */,
				A16C21302450831B00A99424 /* Release */,
			);
			defaultConfigurationIsVisible = 0;
			defaultConfigurationName = Release;
		};
/* End XCConfigurationList section */
	};
	rootObject = A16C20CB2450805E00A99424 /* Project object */;
}
